
Microsoft Visual Studio Solution File, Format Version 12.00
# Visual Studio 15
Project("{FAE04EC0-301F-11D3-BF4B-00C04F79EFBC}") = "final_project", "final_project.csproj", "{67F30CB8-ED1E-423C-9045-7A6D8F53AAEF}"
EndProject
Global
	GlobalSection(SolutionConfigurationPlatforms) = preSolution
		Debug|Any CPU = Debug|Any CPU
		Release|Any CPU = Release|Any CPU
	EndGlobalSection
	GlobalSection(ProjectConfigurationPlatforms) = postSolution
		{67F30CB8-ED1E-423C-9045-7A6D8F53AAEF}.Debug|Any CPU.ActiveCfg = Debug|Any CPU
		{67F30CB8-ED1E-423C-9045-7A6D8F53AAEF}.Debug|Any CPU.Build.0 = Debug|Any CPU
		{67F30CB8-ED1E-423C-9045-7A6D8F53AAEF}.Release|Any CPU.ActiveCfg = Release|Any CPU
		{67F30CB8-ED1E-423C-9045-7A6D8F53AAEF}.Release|Any CPU.Build.0 = Release|Any CPU
	EndGlobalSection
EndGlobal
